
Microsoft Visual Studio Solution File, Format Version 12.00
# Visual Studio Version 17
VisualStudioVersion = 17.14.36616.10 d17.14
MinimumVisualStudioVersion = 10.0.40219.1
Project("{FAE04EC0-301F-11D3-BF4B-00C04F79EFBC}") = "LIM ZI YING FINAL PRG2", "LIM ZI YING FINAL PRG2\LIM ZI YING FINAL PRG2.csproj", "{4EE7227F-7EEB-40BB-9D0D-4E19037093AF}"
EndProject
Global
	GlobalSection(SolutionConfigurationPlatforms) = preSolution
		Debug|Any CPU = Debug|Any CPU
		Release|Any CPU = Release|Any CPU
	EndGlobalSection
	GlobalSection(ProjectConfigurationPlatforms) = postSolution
		{4EE7227F-7EEB-40BB-9D0D-4E19037093AF}.Debug|Any CPU.ActiveCfg = Debug|Any CPU
		{4EE7227F-7EEB-40BB-9D0D-4E19037093AF}.Debug|Any CPU.Build.0 = Debug|Any CPU
		{4EE7227F-7EEB-40BB-9D0D-4E19037093AF}.Release|Any CPU.ActiveCfg = Release|Any CPU
		{4EE7227F-7EEB-40BB-9D0D-4E19037093AF}.Release|Any CPU.Build.0 = Release|Any CPU
	EndGlobalSection
	GlobalSection(SolutionProperties) = preSolution
		HideSolutionNode = FALSE
	EndGlobalSection
	GlobalSection(ExtensibilityGlobals) = postSolution
		SolutionGuid = {2F332CB4-4A13-42AC-8A30-967F8DB18FE1}
	EndGlobalSection
EndGlobal
